
Microsoft Visual Studio Solution File, Format Version 12.00
# Visual Studio Version 17
VisualStudioVersion = 17.11.35208.52
MinimumVisualStudioVersion = 10.0.40219.1
Project("{FAE04EC0-301F-11D3-BF4B-00C04F79EFBC}") = "ApiUrbanPlanning", "ApiUrbanPlanning\ApiUrbanPlanning.csproj", "{B2E2BEEA-84B1-4DAC-8933-7182001AE50B}"
EndProject
Project("{FAE04EC0-301F-11D3-BF4B-00C04F79EFBC}") = "ApiUrbanPlanning.Test", "ApiUrbanPlanning.Test\ApiUrbanPlanning.Test.csproj", "{D87DB7F0-357F-4511-9683-283470D0BEA1}"
EndProject
Global
	GlobalSection(SolutionConfigurationPlatforms) = preSolution
		Debug|Any CPU = Debug|Any CPU
		Release|Any CPU = Release|Any CPU
	EndGlobalSection
	GlobalSection(ProjectConfigurationPlatforms) = postSolution
		{B2E2BEEA-84B1-4DAC-8933-7182001AE50B}.Debug|Any CPU.ActiveCfg = Debug|Any CPU
		{B2E2BEEA-84B1-4DAC-8933-7182001AE50B}.Debug|Any CPU.Build.0 = Debug|Any CPU
		{B2E2BEEA-84B1-4DAC-8933-7182001AE50B}.Release|Any CPU.ActiveCfg = Release|Any CPU
		{B2E2BEEA-84B1-4DAC-8933-7182001AE50B}.Release|Any CPU.Build.0 = Release|Any CPU
		{D87DB7F0-357F-4511-9683-283470D0BEA1}.Debug|Any CPU.ActiveCfg = Debug|Any CPU
		{D87DB7F0-357F-4511-9683-283470D0BEA1}.Debug|Any CPU.Build.0 = Debug|Any CPU
		{D87DB7F0-357F-4511-9683-283470D0BEA1}.Release|Any CPU.ActiveCfg = Release|Any CPU
		{D87DB7F0-357F-4511-9683-283470D0BEA1}.Release|Any CPU.Build.0 = Release|Any CPU
	EndGlobalSection
	GlobalSection(SolutionProperties) = preSolution
		HideSolutionNode = FALSE
	EndGlobalSection
	GlobalSection(ExtensibilityGlobals) = postSolution
		SolutionGuid = {72353ADD-7B55-40E0-B186-196AC9D805AF}
	EndGlobalSection
EndGlobal
